
Microsoft Visual Studio Solution File, Format Version 12.00
# Visual Studio Version 17
VisualStudioVersion = 17.14.36518.9 d17.14
MinimumVisualStudioVersion = 10.0.40219.1
Project("{FAE04EC0-301F-11D3-BF4B-00C04F79EFBC}") = "Game_war_simulator", "Game_war_simulator.csproj", "{B6B25008-B5E8-41F7-A163-8BB38EA43CBE}"
EndProject
Global
	GlobalSection(SolutionConfigurationPlatforms) = preSolution
		Debug|Any CPU = Debug|Any CPU
		Release|Any CPU = Release|Any CPU
	EndGlobalSection
	GlobalSection(ProjectConfigurationPlatforms) = postSolution
		{B6B25008-B5E8-41F7-A163-8BB38EA43CBE}.Debug|Any CPU.ActiveCfg = Debug|Any CPU
		{B6B25008-B5E8-41F7-A163-8BB38EA43CBE}.Debug|Any CPU.Build.0 = Debug|Any CPU
		{B6B25008-B5E8-41F7-A163-8BB38EA43CBE}.Release|Any CPU.ActiveCfg = Release|Any CPU
		{B6B25008-B5E8-41F7-A163-8BB38EA43CBE}.Release|Any CPU.Build.0 = Release|Any CPU
	EndGlobalSection
	GlobalSection(SolutionProperties) = preSolution
		HideSolutionNode = FALSE
	EndGlobalSection
	GlobalSection(ExtensibilityGlobals) = postSolution
		SolutionGuid = {756E9398-939D-46CB-9D32-6E75A6CE9B62}
	EndGlobalSection
EndGlobal
